
Microsoft Visual Studio Solution File, Format Version 12.00
# Visual Studio Version 16
VisualStudioVersion = 16.0.31205.134
MinimumVisualStudioVersion = 10.0.40219.1
Project("{FAE04EC0-301F-11D3-BF4B-00C04F79EFBC}") = "DelegateDemo", "DelegateDemo\DelegateDemo.csproj", "{BBE3ADB9-DE3A-43B6-AE8B-D8DBE0834CB4}"
EndProject
Project("{FAE04EC0-301F-11D3-BF4B-00C04F79EFBC}") = "BinarySearchTreeDemo", "BinarySearchTreeDemo\BinarySearchTreeDemo.csproj", "{7C3D7AA2-A54C-4DCD-8F09-22573C40B7AA}"
EndProject
Project("{FAE04EC0-301F-11D3-BF4B-00C04F79EFBC}") = "EventDemo", "EventDemo\EventDemo.csproj", "{7DABDF42-C5F5-4933-A351-92CFE57FBA1C}"
EndProject
Project("{FAE04EC0-301F-11D3-BF4B-00C04F79EFBC}") = "HashTableDemo", "HashTableDemo\HashTableDemo.csproj", "{B7BB4CF2-9A3B-404A-BDAC-29FF77A2309E}"
EndProject
Global
	GlobalSection(SolutionConfigurationPlatforms) = preSolution
		Debug|Any CPU = Debug|Any CPU
		Release|Any CPU = Release|Any CPU
	EndGlobalSection
	GlobalSection(ProjectConfigurationPlatforms) = postSolution
		{BBE3ADB9-DE3A-43B6-AE8B-D8DBE0834CB4}.Debug|Any CPU.ActiveCfg = Debug|Any CPU
		{BBE3ADB9-DE3A-43B6-AE8B-D8DBE0834CB4}.Debug|Any CPU.Build.0 = Debug|Any CPU
		{BBE3ADB9-DE3A-43B6-AE8B-D8DBE0834CB4}.Release|Any CPU.ActiveCfg = Release|Any CPU
		{BBE3ADB9-DE3A-43B6-AE8B-D8DBE0834CB4}.Release|Any CPU.Build.0 = Release|Any CPU
		{7C3D7AA2-A54C-4DCD-8F09-22573C40B7AA}.Debug|Any CPU.ActiveCfg = Debug|Any CPU
		{7C3D7AA2-A54C-4DCD-8F09-22573C40B7AA}.Debug|Any CPU.Build.0 = Debug|Any CPU
		{7C3D7AA2-A54C-4DCD-8F09-22573C40B7AA}.Release|Any CPU.ActiveCfg = Release|Any CPU
		{7C3D7AA2-A54C-4DCD-8F09-22573C40B7AA}.Release|Any CPU.Build.0 = Release|Any CPU
		{7DABDF42-C5F5-4933-A351-92CFE57FBA1C}.Debug|Any CPU.ActiveCfg = Debug|Any CPU
		{7DABDF42-C5F5-4933-A351-92CFE57FBA1C}.Debug|Any CPU.Build.0 = Debug|Any CPU
		{7DABDF42-C5F5-4933-A351-92CFE57FBA1C}.Release|Any CPU.ActiveCfg = Release|Any CPU
		{7DABDF42-C5F5-4933-A351-92CFE57FBA1C}.Release|Any CPU.Build.0 = Release|Any CPU
		{B7BB4CF2-9A3B-404A-BDAC-29FF77A2309E}.Debug|Any CPU.ActiveCfg = Debug|Any CPU
		{B7BB4CF2-9A3B-404A-BDAC-29FF77A2309E}.Debug|Any CPU.Build.0 = Debug|Any CPU
		{B7BB4CF2-9A3B-404A-BDAC-29FF77A2309E}.Release|Any CPU.ActiveCfg = Release|Any CPU
		{B7BB4CF2-9A3B-404A-BDAC-29FF77A2309E}.Release|Any CPU.Build.0 = Release|Any CPU
	EndGlobalSection
	GlobalSection(SolutionProperties) = preSolution
		HideSolutionNode = FALSE
	EndGlobalSection
	GlobalSection(ExtensibilityGlobals) = postSolution
		SolutionGuid = {5B6AB1D6-F113-4B52-B6A3-E3343ABFDCAB}
	EndGlobalSection
EndGlobal
